PODS:
  - Cosmos (23.0.0)
  - Realm (10.20.1):
    - Realm/Headers (= 10.20.1)
  - Realm/Headers (10.20.1)
  - RealmSwift (10.20.1):
    - Realm (= 10.20.1)
  - Segmentio (4.1)
  - YSSegmentedControl (0.1)

DEPENDENCIES:
  - Cosmos
  - RealmSwift
  - Segmentio
  - YSSegmentedControl

SPEC REPOS:
  trunk:
    - Cosmos
    - Realm
    - RealmSwift
    - Segmentio
    - YSSegmentedControl

SPEC CHECKSUMS:
  Cosmos: b5c6a9a637e28a061b54c8f8b1d8529d7d4db73f
  Realm: fac5ecd031fcb81171627b74944c885662d4b266
  RealmSwift: 9b02d25acb46a14756bde9893abb99e2e3675923
  Segmentio: ab29def64e1bff6e6e9b97671788a99bed3f1d9f
  YSSegmentedControl: 1bbd82aa06134409b8425e1054e42526866bb643

PODFILE CHECKSUM: 603effc07487fb123c9cb5898e61d0354479c233

COCOAPODS: 1.11.3
